// !$*UTF8*$!
{
	archiveVersion = 1;
	classes = {
	};
	objectVersion = 77;
	objects = {

/* Begin PBXContainerItemProxy section */
		ACCE4C7D2CC2B1C400B4307E /* PBXContainerItemProxy */ = {
			isa = PBXContainerItemProxy;
			containerPortal = ACCE4C5F2CC2B1C200B4307E /* Project object */;
			proxyType = 1;
			remoteGlobalIDString = ACCE4C662CC2B1C200B4307E;
			remoteInfo = ShaadiIOSAssignment;
		};
		ACCE4C872CC2B1C400B4307E /* PBXContainerItemProxy */ = {
			isa = PBXContainerItemProxy;
			containerPortal = ACCE4C5F2CC2B1C200B4307E /* Project object */;
			proxyType = 1;
			remoteGlobalIDString = ACCE4C662CC2B1C200B4307E;
			remoteInfo = ShaadiIOSAssignment;
		};
/* End PBXContainerItemProxy section */

/* Begin PBXFileReference section */
		ACCE4C672CC2B1C200B4307E /* ShaadiIOSAssignment.app */ = {isa = PBXFileReference; explicitFileType = wrapper.application; includeInIndex = 0; path = ShaadiIOSAssignment.app; sourceTree = BUILT_PRODUCTS_DIR; };
		ACCE4C7C2CC2B1C400B4307E /* ShaadiIOSAssignmentTests.xctest */ = {isa = PBXFileReference; explicitFileType = wrapper.cfbundle; includeInIndex = 0; path = ShaadiIOSAssignmentTests.xctest; sourceTree = BUILT_PRODUCTS_DIR; };
		ACCE4C862CC2B1C400B4307E /* ShaadiIOSAssignmentUITests.xctest */ = {isa = PBXFileReference; explicitFileType = wrapper.cfbundle; includeInIndex = 0; path = ShaadiIOSAssignmentUITests.xctest; sourceTree = BUILT_PRODUCTS_DIR; };
/* End PBXFileReference section */

/* Begin PBXFileSystemSynchronizedRootGroup section */
		ACCE4C692CC2B1C200B4307E /* ShaadiIOSAssignment */ = {
			isa = PBXFileSystemSynchronizedRootGroup;
			path = ShaadiIOSAssignment;
			sourceTree = "<group>";
		};
		ACCE4C7F2CC2B1C400B4307E /* ShaadiIOSAssignmentTests */ = {
			isa = PBXFileSystemSynchronizedRootGroup;
			path = ShaadiIOSAssignmentTests;
			sourceTree = "<group>";
		};
		ACCE4C892CC2B1C400B4307E /* ShaadiIOSAssignmentUITests */ = {
			isa = PBXFileSystemSynchronizedRootGroup;
			path = ShaadiIOSAssignmentUITests;
			sourceTree = "<group>";
		};
/* End PBXFileSystemSynchronizedRootGroup section */

/* Begin PBXFrameworksBuildPhase section */
		ACCE4C642CC2B1C200B4307E /* Frameworks */ = {
			isa = PBXFrameworksBuildPhase;
			buildActionMask = 2147483647;
			files = (
			);
			runOnlyForDeploymentPostprocessing = 0;
		};
		ACCE4C792CC2B1C400B4307E /* Frameworks */ = {
			isa = PBXFrameworksBuildPhase;
			buildActionMask = 2147483647;
			files = (
			);
			runOnlyForDeploymentPostprocessing = 0;
		};
		ACCE4C832CC2B1C400B4307E /* Frameworks */ = {
			isa = PBXFrameworksBuildPhase;
			buildActionMask = 2147483647;
			files = (
			);
			runOnlyForDeploymentPostprocessing = 0;
		};
/* End PBXFrameworksBuildPhase section */

/* Begin PBXGroup section */
		ACCE4C5E2CC2B1C200B4307E = {
			isa = PBXGroup;
			children = (
				ACCE4C692CC2B1C200B4307E /* ShaadiIOSAssignment */,
				ACCE4C7F2CC2B1C400B4307E /* ShaadiIOSAssignmentTests */,
				ACCE4C892CC2B1C400B4307E /* ShaadiIOSAssignmentUITests */,
				ACCE4C682CC2B1C200B4307E /* Products */,
			);
			sourceTree = "<group>";
		};
		ACCE4C682CC2B1C200B4307E /* Products */ = {
			isa = PBXGroup;
			children = (
				ACCE4C672CC2B1C200B4307E /* ShaadiIOSAssignment.app */,
				ACCE4C7C2CC2B1C400B4307E /* ShaadiIOSAssignmentTests.xctest */,
				ACCE4C862CC2B1C400B4307E /* ShaadiIOSAssignmentUITests.xctest */,
			);
			name = Products;
			sourceTree = "<group>";
		};
/* End PBXGroup section */

/* Begin PBXNativeTarget section */
		ACCE4C662CC2B1C200B4307E /* ShaadiIOSAssignment */ = {
			isa = PBXNativeTarget;
			buildConfigurationList = ACCE4C902CC2B1C400B4307E /* Build configuration list for PBXNativeTarget "ShaadiIOSAssignment" */;
			buildPhases = (
				ACCE4C632CC2B1C200B4307E /* Sources */,
				ACCE4C642CC2B1C200B4307E /* Frameworks */,
				ACCE4C652CC2B1C200B4307E /* Resources */,
			);
			buildRules = (
			);
			dependencies = (
			);
			fileSystemSynchronizedGroups = (
				ACCE4C692CC2B1C200B4307E /* ShaadiIOSAssignment */,
			);
			name = ShaadiIOSAssignment;
			packageProductDependencies = (
			);
			productName = ShaadiIOSAssignment;
			productReference = ACCE4C672CC2B1C200B4307E /* ShaadiIOSAssignment.app */;
			productType = "com.apple.product-type.application";
		};
		ACCE4C7B2CC2B1C400B4307E /* ShaadiIOSAssignmentTests */ = {
			isa = PBXNativeTarget;
			buildConfigurationList = ACCE4C932CC2B1C400B4307E /* Build configuration list for PBXNativeTarget "ShaadiIOSAssignmentTests" */;
			buildPhases = (
				ACCE4C782CC2B1C400B4307E /* Sources */,
				ACCE4C792CC2B1C400B4307E /* Frameworks */,
				ACCE4C7A2CC2B1C400B4307E /* Resources */,
			);
			buildRules = (
			);
			dependencies = (
				ACCE4C7E2CC2B1C400B4307E /* PBXTargetDependency */,
			);
			fileSystemSynchronizedGroups = (
				ACCE4C7F2CC2B1C400B4307E /* ShaadiIOSAssignmentTests */,
			);
			name = ShaadiIOSAssignmentTests;
			packageProductDependencies = (
			);
			productName = ShaadiIOSAssignmentTests;
			productReference = ACCE4C7C2CC2B1C400B4307E /* ShaadiIOSAssignmentTests.xctest */;
			productType = "com.apple.product-type.bundle.unit-test";
		};
		ACCE4C852CC2B1C400B4307E /* ShaadiIOSAssignmentUITests */ = {
			isa = PBXNativeTarget;
			buildConfigurationList = ACCE4C962CC2B1C400B4307E /* Build configuration list for PBXNativeTarget "ShaadiIOSAssignmentUITests" */;
			buildPhases = (
				ACCE4C822CC2B1C400B4307E /* Sources */,
				ACCE4C832CC2B1C400B4307E /* Frameworks */,
				ACCE4C842CC2B1C400B4307E /* Resources */,
			);
			buildRules = (
			);
			dependencies = (
				ACCE4C882CC2B1C400B4307E /* PBXTargetDependency */,
			);
			fileSystemSynchronizedGroups = (
				ACCE4C892CC2B1C400B4307E /* ShaadiIOSAssignmentUITests */,
			);
			name = ShaadiIOSAssignmentUITests;
			packageProductDependencies = (
			);
			productName = ShaadiIOSAssignmentUITests;
			productReference = ACCE4C862CC2B1C400B4307E /* ShaadiIOSAssignmentUITests.xctest */;
			productType = "com.apple.product-type.bundle.ui-testing";
		};
/* End PBXNativeTarget section */

/* Begin PBXProject section */
		ACCE4C5F2CC2B1C200B4307E /* Project object */ = {
			isa = PBXProject;
			attributes = {
				BuildIndependentTargetsInParallel = 1;
				LastSwiftUpdateCheck = 1600;
				LastUpgradeCheck = 1600;
				TargetAttributes = {
					ACCE4C662CC2B1C200B4307E = {
						CreatedOnToolsVersion = 16.0;
					};
					ACCE4C7B2CC2B1C400B4307E = {
						CreatedOnToolsVersion = 16.0;
						TestTargetID = ACCE4C662CC2B1C200B4307E;
					};
					ACCE4C852CC2B1C400B4307E = {
						CreatedOnToolsVersion = 16.0;
						TestTargetID = ACCE4C662CC2B1C200B4307E;
					};
				};
			};
			buildConfigurationList = ACCE4C622CC2B1C200B4307E /* Build configuration list for PBXProject "ShaadiIOSAssignment" */;
			developmentRegion = en;
			hasScannedForEncodings = 0;
			knownRegions = (
				en,
				Base,
			);
			mainGroup = ACCE4C5E2CC2B1C200B4307E;
			minimizedProjectReferenceProxies = 1;
			preferredProjectObjectVersion = 77;
			productRefGroup = ACCE4C682CC2B1C200B4307E /* Products */;
			projectDirPath = "";
			projectRoot = "";
			targets = (
				ACCE4C662CC2B1C200B4307E /* ShaadiIOSAssignment */,
				ACCE4C7B2CC2B1C400B4307E /* ShaadiIOSAssignmentTests */,
				ACCE4C852CC2B1C400B4307E /* ShaadiIOSAssignmentUITests */,
			);
		};
/* End PBXProject section */

/* Begin PBXResourcesBuildPhase section */
		ACCE4C652CC2B1C200B4307E /* Resources */ = {
			isa = PBXResourcesBuildPhase;
			buildActionMask = 2147483647;
			files = (
			);
			runOnlyForDeploymentPostprocessing = 0;
		};
		ACCE4C7A2CC2B1C400B4307E /* Resources */ = {
			isa = PBXResourcesBuildPhase;
			buildActionMask = 2147483647;
			files = (
			);
			runOnlyForDeploymentPostprocessing = 0;
		};
		ACCE4C842CC2B1C400B4307E /* Resources */ = {
			isa = PBXResourcesBuildPhase;
			buildActionMask = 2147483647;
			files = (
			);
			runOnlyForDeploymentPostprocessing = 0;
		};
/* End PBXResourcesBuildPhase section */

/* Begin PBXSourcesBuildPhase section */
		ACCE4C632CC2B1C200B4307E /* Sources */ = {
			isa = PBXSourcesBuildPhase;
			buildActionMask = 2147483647;
			files = (
			);
			runOnlyForDeploymentPostprocessing = 0;
		};
		ACCE4C782CC2B1C400B4307E /* Sources */ = {
			isa = PBXSourcesBuildPhase;
			buildActionMask = 2147483647;
			files = (
			);
			runOnlyForDeploymentPostprocessing = 0;
		};
		ACCE4C822CC2B1C400B4307E /* Sources */ = {
			isa = PBXSourcesBuildPhase;
			buildActionMask = 2147483647;
			files = (
			);
			runOnlyForDeploymentPostprocessing = 0;
		};
/* End PBXSourcesBuildPhase section */

/* Begin PBXTargetDependency section */
		ACCE4C7E2CC2B1C400B4307E /* PBXTargetDependency */ = {
			isa = PBXTargetDependency;
			target = ACCE4C662CC2B1C200B4307E /* ShaadiIOSAssignment */;
			targetProxy = ACCE4C7D2CC2B1C400B4307E /* PBXContainerItemProxy */;
		};
		ACCE4C882CC2B1C400B4307E /* PBXTargetDependency */ = {
			isa = PBXTargetDependency;
			target = ACCE4C662CC2B1C200B4307E /* ShaadiIOSAssignment */;
			targetProxy = ACCE4C872CC2B1C400B4307E /* PBXContainerItemProxy */;
		};
/* End PBXTargetDependency section */

/* Begin XCBuildConfiguration section */
		ACCE4C8E2CC2B1C400B4307E /* Debug */ = {
			isa = XCBuildConfiguration;
			buildSettings = {
				ALWAYS_SEARCH_USER_PATHS = NO;
				ASSETCATALOG_COMPILER_GENERATE_SWIFT_ASSET_SYMBOL_EXTENSIONS = YES;
				CLANG_ANALYZER_NONNULL = YES;
				CLANG_ANALYZER_NUMBER_OBJECT_CONVERSION = YES_AGGRESSIVE;
				CLANG_CXX_LANGUAGE_STANDARD = "gnu++20";
				CLANG_ENABLE_MODULES = YES;
				CLANG_ENABLE_OBJC_ARC = YES;
				CLANG_ENABLE_OBJC_WEAK = YES;
				CLANG_WARN_BLOCK_CAPTURE_AUTORELEASING = YES;
				CLANG_WARN_BOOL_CONVERSION = YES;
				CLANG_WARN_COMMA = YES;
				CLANG_WARN_CONSTANT_CONVERSION = YES;
				CLANG_WARN_DEPRECATED_OBJC_IMPLEMENTATIONS = YES;
				CLANG_WARN_DIRECT_OBJC_ISA_USAGE = YES_ERROR;
				CLANG_WARN_DOCUMENTATION_COMMENTS = YES;
				CLANG_WARN_EMPTY_BODY = YES;
				CLANG_WARN_ENUM_CONVERSION = YES;
				CLANG_WARN_INFINITE_RECURSION = YES;
				CLANG_WARN_INT_CONVERSION = YES;
				CLANG_WARN_NON_LITERAL_NULL_CONVERSION = YES;
				CLANG_WARN_OBJC_IMPLICIT_RETAIN_SELF = YES;
				CLANG_WARN_OBJC_LITERAL_CONVERSION = YES;
				CLANG_WARN_OBJC_ROOT_CLASS = YES_ERROR;
				CLANG_WARN_QUOTED_INCLUDE_IN_FRAMEWORK_HEADER = YES;
				CLANG_WARN_RANGE_LOOP_ANALYSIS = YES;
				CLANG_WARN_STRICT_PROTOTYPES = YES;
				CLANG_WARN_SUSPICIOUS_MOVE = YES;
				CLANG_WARN_UNGUARDED_AVAILABILITY = YES_AGGRESSIVE;
				CLANG_WARN_UNREACHABLE_CODE = YES;
				CLANG_WARN__DUPLICATE_METHOD_MATCH = YES;
				COPY_PHASE_STRIP = NO;
				DEBUG_INFORMATION_FORMAT = dwarf;
				ENABLE_STRICT_OBJC_MSGSEND = YES;
				ENABLE_TESTABILITY = YES;
				ENABLE_USER_SCRIPT_SANDBOXING = YES;
				GCC_C_LANGUAGE_STANDARD = gnu17;
				GCC_DYNAMIC_NO_PIC = NO;
				GCC_NO_COMMON_BLOCKS = YES;
				GCC_OPTIMIZATION_LEVEL = 0;
				GCC_PREPROCESSOR_DEFINITIONS = (
					"DEBUG=1",
					"$(inherited)",
				);
				GCC_WARN_64_TO_32_BIT_CONVERSION = YES;
				GCC_WARN_ABOUT_RETURN_TYPE = YES_ERROR;
				GCC_WARN_UNDECLARED_SELECTOR = YES;
				GCC_WARN_UNINITIALIZED_AUTOS = YES_AGGRESSIVE;
				GCC_WARN_UNUSED_FUNCTION = YES;
				GCC_WARN_UNUSED_VARIABLE = YES;
				IPHONEOS_DEPLOYMENT_TARGET = 18.0;
				LOCALIZATION_PREFERS_STRING_CATALOGS = YES;
				MTL_ENABLE_DEBUG_INFO = INCLUDE_SOURCE;
				MTL_FAST_MATH = YES;
				ONLY_ACTIVE_ARCH = YES;
				SDKROOT = iphoneos;
				SWIFT_ACTIVE_COMPILATION_CONDITIONS = "DEBUG $(inherited)";
				SWIFT_OPTIMIZATION_LEVEL = "-Onone";
			};
			name = Debug;
		};
		ACCE4C8F2CC2B1C400B4307E /* Release */ = {
			isa = XCBuildConfiguration;
			buildSettings = {
				ALWAYS_SEARCH_USER_PATHS = NO;
				ASSETCATALOG_COMPILER_GENERATE_SWIFT_ASSET_SYMBOL_EXTENSIONS = YES;
				CLANG_ANALYZER_NONNULL = YES;
				CLANG_ANALYZER_NUMBER_OBJECT_CONVERSION = YES_AGGRESSIVE;
				CLANG_CXX_LANGUAGE_STANDARD = "gnu++20";
				CLANG_ENABLE_MODULES = YES;
				CLANG_ENABLE_OBJC_ARC = YES;
				CLANG_ENABLE_OBJC_WEAK = YES;
				CLANG_WARN_BLOCK_CAPTURE_AUTORELEASING = YES;
				CLANG_WARN_BOOL_CONVERSION = YES;
				CLANG_WARN_COMMA = YES;
				CLANG_WARN_CONSTANT_CONVERSION = YES;
				CLANG_WARN_DEPRECATED_OBJC_IMPLEMENTATIONS = YES;
				CLANG_WARN_DIRECT_OBJC_ISA_USAGE = YES_ERROR;
				CLANG_WARN_DOCUMENTATION_COMMENTS = YES;
				CLANG_WARN_EMPTY_BODY = YES;
				CLANG_WARN_ENUM_CONVERSION = YES;
				CLANG_WARN_INFINITE_RECURSION = YES;
				CLANG_WARN_INT_CONVERSION = YES;
				CLANG_WARN_NON_LITERAL_NULL_CONVERSION = YES;
				CLANG_WARN_OBJC_IMPLICIT_RETAIN_SELF = YES;
				CLANG_WARN_OBJC_LITERAL_CONVERSION = YES;
				CLANG_WARN_OBJC_ROOT_CLASS = YES_ERROR;
				CLANG_WARN_QUOTED_INCLUDE_IN_FRAMEWORK_HEADER = YES;
				CLANG_WARN_RANGE_LOOP_ANALYSIS = YES;
				CLANG_WARN_STRICT_PROTOTYPES = YES;
				CLANG_WARN_SUSPICIOUS_MOVE = YES;
				CLANG_WARN_UNGUARDED_AVAILABILITY = YES_AGGRESSIVE;
				CLANG_WARN_UNREACHABLE_CODE = YES;
				CLANG_WARN__DUPLICATE_METHOD_MATCH = YES;
				COPY_PHASE_STRIP = NO;
				DEBUG_INFORMATION_FORMAT = "dwarf-with-dsym";
				ENABLE_NS_ASSERTIONS = NO;
				ENABLE_STRICT_OBJC_MSGSEND = YES;
				ENABLE_USER_SCRIPT_SANDBOXING = YES;
				GCC_C_LANGUAGE_STANDARD = gnu17;
				GCC_NO_COMMON_BLOCKS = YES;
				GCC_WARN_64_TO_32_BIT_CONVERSION = YES;
				GCC_WARN_ABOUT_RETURN_TYPE = YES_ERROR;
				GCC_WARN_UNDECLARED_SELECTOR = YES;
				GCC_WARN_UNINITIALIZED_AUTOS = YES_AGGRESSIVE;
				GCC_WARN_UNUSED_FUNCTION = YES;
				GCC_WARN_UNUSED_VARIABLE = YES;
				IPHONEOS_DEPLOYMENT_TARGET = 18.0;
				LOCALIZATION_PREFERS_STRING_CATALOGS = YES;
				MTL_ENABLE_DEBUG_INFO = NO;
				MTL_FAST_MATH = YES;
				SDKROOT = iphoneos;
				SWIFT_COMPILATION_MODE = wholemodule;
				VALIDATE_PRODUCT = YES;
			};
			name = Release;
		};
		ACCE4C912CC2B1C400B4307E /* Debug */ = {
			isa = XCBuildConfiguration;
			buildSettings = {
				ASSETCATALOG_COMPILER_APPICON_NAME = AppIcon;
				ASSETCATALOG_COMPILER_GLOBAL_ACCENT_COLOR_NAME = AccentColor;
				CODE_SIGN_STYLE = Automatic;
				CURRENT_PROJECT_VERSION = 1;
				DEVELOPMENT_ASSET_PATHS = "\"ShaadiIOSAssignment/Preview Content\"";
				ENABLE_PREVIEWS = YES;
				GENERATE_INFOPLIST_FILE = YES;
				INFOPLIST_KEY_UIApplicationSceneManifest_Generation = YES;
				INFOPLIST_KEY_UIApplicationSupportsIndirectInputEvents = YES;
				INFOPLIST_KEY_UILaunchScreen_Generation = YES;
				INFOPLIST_KEY_UISupportedInterfaceOrientations = UIInterfaceOrientationPortrait;
				INFOPLIST_KEY_UISupportedInterfaceOrientations_iPad = "UIInterfaceOrientationLandscapeLeft UIInterfaceOrientationLandscapeRight UIInterfaceOrientationPortrait UIInterfaceOrientationPortraitUpsideDown";
				LD_RUNPATH_SEARCH_PATHS = (
					"$(inherited)",
					"@executable_path/Frameworks",
				);
				MARKETING_VERSION = 1.0;
				PRODUCT_BUNDLE_IDENTIFIER = in.ShaadiIOSAssignment;
				PRODUCT_NAME = "$(TARGET_NAME)";
				SUPPORTED_PLATFORMS = "iphoneos iphonesimulator";
				SUPPORTS_MACCATALYST = NO;
				SUPPORTS_MAC_DESIGNED_FOR_IPHONE_IPAD = NO;
				SUPPORTS_XR_DESIGNED_FOR_IPHONE_IPAD = NO;
				SWIFT_EMIT_LOC_STRINGS = YES;
				SWIFT_VERSION = 5.0;
				TARGETED_DEVICE_FAMILY = 1;
			};
			name = Debug;
		};
		ACCE4C922CC2B1C400B4307E /* Release */ = {
			isa = XCBuildConfiguration;
			buildSettings = {
				ASSETCATALOG_COMPILER_APPICON_NAME = AppIcon;
				ASSETCATALOG_COMPILER_GLOBAL_ACCENT_COLOR_NAME = AccentColor;
				CODE_SIGN_STYLE = Automatic;
				CURRENT_PROJECT_VERSION = 1;
				DEVELOPMENT_ASSET_PATHS = "\"ShaadiIOSAssignment/Preview Content\"";
				ENABLE_PREVIEWS = YES;
				GENERATE_INFOPLIST_FILE = YES;
				INFOPLIST_KEY_UIApplicationSceneManifest_Generation = YES;
				INFOPLIST_KEY_UIApplicationSupportsIndirectInputEvents = YES;
				INFOPLIST_KEY_UILaunchScreen_Generation = YES;
				INFOPLIST_KEY_UISupportedInterfaceOrientations = UIInterfaceOrientationPortrait;
				INFOPLIST_KEY_UISupportedInterfaceOrientations_iPad = "UIInterfaceOrientationLandscapeLeft UIInterfaceOrientationLandscapeRight UIInterfaceOrientationPortrait UIInterfaceOrientationPortraitUpsideDown";
				LD_RUNPATH_SEARCH_PATHS = (
					"$(inherited)",
					"@executable_path/Frameworks",
				);
				MARKETING_VERSION = 1.0;
				PRODUCT_BUNDLE_IDENTIFIER = in.ShaadiIOSAssignment;
				PRODUCT_NAME = "$(TARGET_NAME)";
				SUPPORTED_PLATFORMS = "iphoneos iphonesimulator";
				SUPPORTS_MACCATALYST = NO;
				SUPPORTS_MAC_DESIGNED_FOR_IPHONE_IPAD = NO;
				SUPPORTS_XR_DESIGNED_FOR_IPHONE_IPAD = NO;
				SWIFT_EMIT_LOC_STRINGS = YES;
				SWIFT_VERSION = 5.0;
				TARGETED_DEVICE_FAMILY = 1;
			};
			name = Release;
		};
		ACCE4C942CC2B1C400B4307E /* Debug */ = {
			isa = XCBuildConfiguration;
			buildSettings = {
				BUNDLE_LOADER = "$(TEST_HOST)";
				CODE_SIGN_STYLE = Automatic;
				CURRENT_PROJECT_VERSION = 1;
				GENERATE_INFOPLIST_FILE = YES;
				IPHONEOS_DEPLOYMENT_TARGET = 18.0;
				MARKETING_VERSION = 1.0;
				PRODUCT_BUNDLE_IDENTIFIER = in.ShaadiIOSAssignmentTests;
				PRODUCT_NAME = "$(TARGET_NAME)";
				SWIFT_EMIT_LOC_STRINGS = NO;
				SWIFT_VERSION = 5.0;
				TARGETED_DEVICE_FAMILY = "1,2";
				TEST_HOST = "$(BUILT_PRODUCTS_DIR)/ShaadiIOSAssignment.app/$(BUNDLE_EXECUTABLE_FOLDER_PATH)/ShaadiIOSAssignment";
			};
			name = Debug;
		};
		ACCE4C952CC2B1C400B4307E /* Release */ = {
			isa = XCBuildConfiguration;
			buildSettings = {
				BUNDLE_LOADER = "$(TEST_HOST)";
				CODE_SIGN_STYLE = Automatic;
				CURRENT_PROJECT_VERSION = 1;
				GENERATE_INFOPLIST_FILE = YES;
				IPHONEOS_DEPLOYMENT_TARGET = 18.0;
				MARKETING_VERSION = 1.0;
				PRODUCT_BUNDLE_IDENTIFIER = in.ShaadiIOSAssignmentTests;
				PRODUCT_NAME = "$(TARGET_NAME)";
				SWIFT_EMIT_LOC_STRINGS = NO;
				SWIFT_VERSION = 5.0;
				TARGETED_DEVICE_FAMILY = "1,2";
				TEST_HOST = "$(BUILT_PRODUCTS_DIR)/ShaadiIOSAssignment.app/$(BUNDLE_EXECUTABLE_FOLDER_PATH)/ShaadiIOSAssignment";
			};
			name = Release;
		};
		ACCE4C972CC2B1C400B4307E /* Debug */ = {
			isa = XCBuildConfiguration;
			buildSettings = {
				CODE_SIGN_STYLE = Automatic;
				CURRENT_PROJECT_VERSION = 1;
				GENERATE_INFOPLIST_FILE = YES;
				MARKETING_VERSION = 1.0;
				PRODUCT_BUNDLE_IDENTIFIER = in.ShaadiIOSAssignmentUITests;
				PRODUCT_NAME = "$(TARGET_NAME)";
				SWIFT_EMIT_LOC_STRINGS = NO;
				SWIFT_VERSION = 5.0;
				TARGETED_DEVICE_FAMILY = "1,2";
				TEST_TARGET_NAME = ShaadiIOSAssignment;
			};
			name = Debug;
		};
		ACCE4C982CC2B1C400B4307E /* Release */ = {
			isa = XCBuildConfiguration;
			buildSettings = {
				CODE_SIGN_STYLE = Automatic;
				CURRENT_PROJECT_VERSION = 1;
				GENERATE_INFOPLIST_FILE = YES;
				MARKETING_VERSION = 1.0;
				PRODUCT_BUNDLE_IDENTIFIER = in.ShaadiIOSAssignmentUITests;
				PRODUCT_NAME = "$(TARGET_NAME)";
				SWIFT_EMIT_LOC_STRINGS = NO;
				SWIFT_VERSION = 5.0;
				TARGETED_DEVICE_FAMILY = "1,2";
				TEST_TARGET_NAME = ShaadiIOSAssignment;
			};
			name = Release;
		};
/* End XCBuildConfiguration section */

/* Begin XCConfigurationList section */
		ACCE4C622CC2B1C200B4307E /* Build configuration list for PBXProject "ShaadiIOSAssignment" */ = {
			isa = XCConfigurationList;
			buildConfigurations = (
				ACCE4C8E2CC2B1C400B4307E /* Debug */,
				ACCE4C8F2CC2B1C400B4307E /* Release */,
			);
			defaultConfigurationIsVisible = 0;
			defaultConfigurationName = Release;
		};
		ACCE4C902CC2B1C400B4307E /* Build configuration list for PBXNativeTarget "ShaadiIOSAssignment" */ = {
			isa = XCConfigurationList;
			buildConfigurations = (
				ACCE4C912CC2B1C400B4307E /* Debug */,
				ACCE4C922CC2B1C400B4307E /* Release */,
			);
			defaultConfigurationIsVisible = 0;
			defaultConfigurationName = Release;
		};
		ACCE4C932CC2B1C400B4307E /* Build configuration list for PBXNativeTarget "ShaadiIOSAssignmentTests" */ = {
			isa = XCConfigurationList;
			buildConfigurations = (
				ACCE4C942CC2B1C400B4307E /* Debug */,
				ACCE4C952CC2B1C400B4307E /* Release */,
			);
			defaultConfigurationIsVisible = 0;
			defaultConfigurationName = Release;
		};
		ACCE4C962CC2B1C400B4307E /* Build configuration list for PBXNativeTarget "ShaadiIOSAssignmentUITests" */ = {
			isa = XCConfigurationList;
			buildConfigurations = (
				ACCE4C972CC2B1C400B4307E /* Debug */,
				ACCE4C982CC2B1C400B4307E /* Release */,
			);
			defaultConfigurationIsVisible = 0;
			defaultConfigurationName = Release;
		};
/* End XCConfigurationList section */
	};
	rootObject = ACCE4C5F2CC2B1C200B4307E /* Project object */;
}
